
Microsoft Visual Studio Solution File, Format Version 12.00
# Visual Studio Version 17
VisualStudioVersion = 17.0.31611.283
MinimumVisualStudioVersion = 10.0.40219.1
Project("{9A19103F-16F7-4668-BE54-9A1E7A4F7556}") = "Maui1", "Maui1\Maui1.csproj", "{C98F89D8-0C6B-4C1E-BD3C-459448238F27}"
EndProject
Project("{2150E333-8FDC-42A3-9474-1A3956D46DE8}") = "ソリューション項目", "ソリューション項目", "{6583E532-0788-4CEC-B611-9FA3C170FBC5}"
	ProjectSection(SolutionItems) = preProject
		.gitignore = .gitignore
	EndProjectSection
EndProject
Project("{FAE04EC0-301F-11D3-BF4B-00C04F79EFBC}") = "475WebAPISend", "475WebAPISend\475WebAPISend.csproj", "{F35F51B7-BBB0-4EE0-989A-98A7B700D8FD}"
EndProject
Project("{FAE04EC0-301F-11D3-BF4B-00C04F79EFBC}") = "476Screen", "476Screen\476Screen.csproj", "{709704BD-FD31-45A7-A097-E87456586C3E}"
EndProject
Project("{FAE04EC0-301F-11D3-BF4B-00C04F79EFBC}") = "477DisplayAlert", "477DisplayAlert\477DisplayAlert.csproj", "{7522FF89-DB4E-4CAF-AB24-DF0988A178BE}"
EndProject
Project("{FAE04EC0-301F-11D3-BF4B-00C04F79EFBC}") = "478OpenURL", "478OpenURL\478OpenURL.csproj", "{E9AA5796-C8B9-4242-941B-9249A779DA02}"
EndProject
Project("{FAE04EC0-301F-11D3-BF4B-00C04F79EFBC}") = "479Accelerometer", "479Accelerometer\479Accelerometer.csproj", "{AAEE0E18-6B08-4C8D-BD11-24333B62C6AE}"
EndProject
Project("{FAE04EC0-301F-11D3-BF4B-00C04F79EFBC}") = "480GPS", "480GPS\480GPS.csproj", "{2D8BB7CD-A286-4EEC-92C4-A013C728363E}"
EndProject
Global
	GlobalSection(SolutionConfigurationPlatforms) = preSolution
		Debug|Any CPU = Debug|Any CPU
		Release|Any CPU = Release|Any CPU
	EndGlobalSection
	GlobalSection(ProjectConfigurationPlatforms) = postSolution
		{C98F89D8-0C6B-4C1E-BD3C-459448238F27}.Debug|Any CPU.ActiveCfg = Debug|Any CPU
		{C98F89D8-0C6B-4C1E-BD3C-459448238F27}.Debug|Any CPU.Build.0 = Debug|Any CPU
		{C98F89D8-0C6B-4C1E-BD3C-459448238F27}.Debug|Any CPU.Deploy.0 = Debug|Any CPU
		{C98F89D8-0C6B-4C1E-BD3C-459448238F27}.Release|Any CPU.ActiveCfg = Release|Any CPU
		{C98F89D8-0C6B-4C1E-BD3C-459448238F27}.Release|Any CPU.Build.0 = Release|Any CPU
		{C98F89D8-0C6B-4C1E-BD3C-459448238F27}.Release|Any CPU.Deploy.0 = Release|Any CPU
		{F35F51B7-BBB0-4EE0-989A-98A7B700D8FD}.Debug|Any CPU.ActiveCfg = Debug|Any CPU
		{F35F51B7-BBB0-4EE0-989A-98A7B700D8FD}.Debug|Any CPU.Build.0 = Debug|Any CPU
		{F35F51B7-BBB0-4EE0-989A-98A7B700D8FD}.Debug|Any CPU.Deploy.0 = Debug|Any CPU
		{F35F51B7-BBB0-4EE0-989A-98A7B700D8FD}.Release|Any CPU.ActiveCfg = Release|Any CPU
		{F35F51B7-BBB0-4EE0-989A-98A7B700D8FD}.Release|Any CPU.Build.0 = Release|Any CPU
		{F35F51B7-BBB0-4EE0-989A-98A7B700D8FD}.Release|Any CPU.Deploy.0 = Release|Any CPU
		{709704BD-FD31-45A7-A097-E87456586C3E}.Debug|Any CPU.ActiveCfg = Debug|Any CPU
		{709704BD-FD31-45A7-A097-E87456586C3E}.Debug|Any CPU.Build.0 = Debug|Any CPU
		{709704BD-FD31-45A7-A097-E87456586C3E}.Debug|Any CPU.Deploy.0 = Debug|Any CPU
		{709704BD-FD31-45A7-A097-E87456586C3E}.Release|Any CPU.ActiveCfg = Release|Any CPU
		{709704BD-FD31-45A7-A097-E87456586C3E}.Release|Any CPU.Build.0 = Release|Any CPU
		{709704BD-FD31-45A7-A097-E87456586C3E}.Release|Any CPU.Deploy.0 = Release|Any CPU
		{7522FF89-DB4E-4CAF-AB24-DF0988A178BE}.Debug|Any CPU.ActiveCfg = Debug|Any CPU
		{7522FF89-DB4E-4CAF-AB24-DF0988A178BE}.Debug|Any CPU.Build.0 = Debug|Any CPU
		{7522FF89-DB4E-4CAF-AB24-DF0988A178BE}.Debug|Any CPU.Deploy.0 = Debug|Any CPU
		{7522FF89-DB4E-4CAF-AB24-DF0988A178BE}.Release|Any CPU.ActiveCfg = Release|Any CPU
		{7522FF89-DB4E-4CAF-AB24-DF0988A178BE}.Release|Any CPU.Build.0 = Release|Any CPU
		{7522FF89-DB4E-4CAF-AB24-DF0988A178BE}.Release|Any CPU.Deploy.0 = Release|Any CPU
		{E9AA5796-C8B9-4242-941B-9249A779DA02}.Debug|Any CPU.ActiveCfg = Debug|Any CPU
		{E9AA5796-C8B9-4242-941B-9249A779DA02}.Debug|Any CPU.Build.0 = Debug|Any CPU
		{E9AA5796-C8B9-4242-941B-9249A779DA02}.Debug|Any CPU.Deploy.0 = Debug|Any CPU
		{E9AA5796-C8B9-4242-941B-9249A779DA02}.Release|Any CPU.ActiveCfg = Release|Any CPU
		{E9AA5796-C8B9-4242-941B-9249A779DA02}.Release|Any CPU.Build.0 = Release|Any CPU
		{E9AA5796-C8B9-4242-941B-9249A779DA02}.Release|Any CPU.Deploy.0 = Release|Any CPU
		{AAEE0E18-6B08-4C8D-BD11-24333B62C6AE}.Debug|Any CPU.ActiveCfg = Debug|Any CPU
		{AAEE0E18-6B08-4C8D-BD11-24333B62C6AE}.Debug|Any CPU.Build.0 = Debug|Any CPU
		{AAEE0E18-6B08-4C8D-BD11-24333B62C6AE}.Debug|Any CPU.Deploy.0 = Debug|Any CPU
		{AAEE0E18-6B08-4C8D-BD11-24333B62C6AE}.Release|Any CPU.ActiveCfg = Release|Any CPU
		{AAEE0E18-6B08-4C8D-BD11-24333B62C6AE}.Release|Any CPU.Build.0 = Release|Any CPU
		{AAEE0E18-6B08-4C8D-BD11-24333B62C6AE}.Release|Any CPU.Deploy.0 = Release|Any CPU
		{2D8BB7CD-A286-4EEC-92C4-A013C728363E}.Debug|Any CPU.ActiveCfg = Debug|Any CPU
		{2D8BB7CD-A286-4EEC-92C4-A013C728363E}.Debug|Any CPU.Build.0 = Debug|Any CPU
		{2D8BB7CD-A286-4EEC-92C4-A013C728363E}.Debug|Any CPU.Deploy.0 = Debug|Any CPU
		{2D8BB7CD-A286-4EEC-92C4-A013C728363E}.Release|Any CPU.ActiveCfg = Release|Any CPU
		{2D8BB7CD-A286-4EEC-92C4-A013C728363E}.Release|Any CPU.Build.0 = Release|Any CPU
		{2D8BB7CD-A286-4EEC-92C4-A013C728363E}.Release|Any CPU.Deploy.0 = Release|Any CPU
	EndGlobalSection
	GlobalSection(SolutionProperties) = preSolution
		HideSolutionNode = FALSE
	EndGlobalSection
	GlobalSection(ExtensibilityGlobals) = postSolution
		SolutionGuid = {61F7FB11-1E47-470C-91E2-47F8143E1572}
	EndGlobalSection
EndGlobal
